
Microsoft Visual Studio Solution File, Format Version 12.00
# Visual Studio 2015
Project("{FAE04EC0-301F-11D3-BF4B-00C04F79EFBC}") = "swarmTestProject.Plugins", "swarmTestProject.Plugins.csproj", "{CBF76F86-40F9-F354-C71D-B43D503BD18B}"
EndProject
Project("{FAE04EC0-301F-11D3-BF4B-00C04F79EFBC}") = "swarmTestProject", "swarmTestProject.csproj", "{8411E145-714D-C74B-E5C2-61B9D67E5327}"
EndProject
Project("{FAE04EC0-301F-11D3-BF4B-00C04F79EFBC}") = "swarmTestProject.Editor.Plugins", "swarmTestProject.Editor.Plugins.csproj", "{ABE9A8C9-7326-DE1B-6471-F97638A77EAF}"
EndProject
Global
	GlobalSection(SolutionConfigurationPlatforms) = preSolution
		Debug|Any CPU = Debug|Any CPU
		Release|Any CPU = Release|Any CPU
	EndGlobalSection
	GlobalSection(ProjectConfigurationPlatforms) = postSolution
		{CBF76F86-40F9-F354-C71D-B43D503BD18B}.Debug|Any CPU.ActiveCfg = Debug|Any CPU
		{CBF76F86-40F9-F354-C71D-B43D503BD18B}.Debug|Any CPU.Build.0 = Debug|Any CPU
		{CBF76F86-40F9-F354-C71D-B43D503BD18B}.Release|Any CPU.ActiveCfg = Release|Any CPU
		{CBF76F86-40F9-F354-C71D-B43D503BD18B}.Release|Any CPU.Build.0 = Release|Any CPU
		{8411E145-714D-C74B-E5C2-61B9D67E5327}.Debug|Any CPU.ActiveCfg = Debug|Any CPU
		{8411E145-714D-C74B-E5C2-61B9D67E5327}.Debug|Any CPU.Build.0 = Debug|Any CPU
		{8411E145-714D-C74B-E5C2-61B9D67E5327}.Release|Any CPU.ActiveCfg = Release|Any CPU
		{8411E145-714D-C74B-E5C2-61B9D67E5327}.Release|Any CPU.Build.0 = Release|Any CPU
		{ABE9A8C9-7326-DE1B-6471-F97638A77EAF}.Debug|Any CPU.ActiveCfg = Debug|Any CPU
		{ABE9A8C9-7326-DE1B-6471-F97638A77EAF}.Debug|Any CPU.Build.0 = Debug|Any CPU
		{ABE9A8C9-7326-DE1B-6471-F97638A77EAF}.Release|Any CPU.ActiveCfg = Release|Any CPU
		{ABE9A8C9-7326-DE1B-6471-F97638A77EAF}.Release|Any CPU.Build.0 = Release|Any CPU
	EndGlobalSection
	GlobalSection(SolutionProperties) = preSolution
		HideSolutionNode = FALSE
	EndGlobalSection
EndGlobal
